// !$*UTF8*$!
{
	archiveVersion = 1;
	classes = {
	};
	objectVersion = 77;
	objects = {

/* Begin PBXContainerItemProxy section */
		432ADAD12EBC827700FF9DAF /* PBXContainerItemProxy */ = {
			isa = PBXContainerItemProxy;
			containerPortal = 432ADABB2EBC827600FF9DAF /* Project object */;
			proxyType = 1;
			remoteGlobalIDString = 432ADAC22EBC827600FF9DAF;
			remoteInfo = IdeaCapture;
		};
		432ADADB2EBC827700FF9DAF /* PBXContainerItemProxy */ = {
			isa = PBXContainerItemProxy;
			containerPortal = 432ADABB2EBC827600FF9DAF /* Project object */;
			proxyType = 1;
			remoteGlobalIDString = 432ADAC22EBC827600FF9DAF;
			remoteInfo = IdeaCapture;
		};
/* End PBXContainerItemProxy section */

/* Begin PBXFileReference section */
		432ADAC32EBC827600FF9DAF /* IdeaCapture.app */ = {isa = PBXFileReference; explicitFileType = wrapper.application; includeInIndex = 0; path = IdeaCapture.app; sourceTree = BUILT_PRODUCTS_DIR; };
		432ADAD02EBC827700FF9DAF /* IdeaCaptureTests.xctest */ = {isa = PBXFileReference; explicitFileType = wrapper.cfbundle; includeInIndex = 0; path = IdeaCaptureTests.xctest; sourceTree = BUILT_PRODUCTS_DIR; };
		432ADADA2EBC827700FF9DAF /* IdeaCaptureUITests.xctest */ = {isa = PBXFileReference; explicitFileType = wrapper.cfbundle; includeInIndex = 0; path = IdeaCaptureUITests.xctest; sourceTree = BUILT_PRODUCTS_DIR; };
/* End PBXFileReference section */

/* Begin PBXFileSystemSynchronizedRootGroup section */
		432ADAC52EBC827600FF9DAF /* IdeaCapture */ = {
			isa = PBXFileSystemSynchronizedRootGroup;
			path = IdeaCapture;
			sourceTree = "<group>";
		};
		432ADAD32EBC827700FF9DAF /* IdeaCaptureTests */ = {
			isa = PBXFileSystemSynchronizedRootGroup;
			path = IdeaCaptureTests;
			sourceTree = "<group>";
		};
		432ADADD2EBC827700FF9DAF /* IdeaCaptureUITests */ = {
			isa = PBXFileSystemSynchronizedRootGroup;
			path = IdeaCaptureUITests;
			sourceTree = "<group>";
		};
/* End PBXFileSystemSynchronizedRootGroup section */

/* Begin PBXFrameworksBuildPhase section */
		432ADAC02EBC827600FF9DAF /* Frameworks */ = {
			isa = PBXFrameworksBuildPhase;
			buildActionMask = 2147483647;
			files = (
			);
			runOnlyForDeploymentPostprocessing = 0;
		};
		432ADACD2EBC827700FF9DAF /* Frameworks */ = {
			isa = PBXFrameworksBuildPhase;
			buildActionMask = 2147483647;
			files = (
			);
			runOnlyForDeploymentPostprocessing = 0;
		};
		432ADAD72EBC827700FF9DAF /* Frameworks */ = {
			isa = PBXFrameworksBuildPhase;
			buildActionMask = 2147483647;
			files = (
			);
			runOnlyForDeploymentPostprocessing = 0;
		};
/* End PBXFrameworksBuildPhase section */

/* Begin PBXGroup section */
		432ADABA2EBC827600FF9DAF = {
			isa = PBXGroup;
			children = (
				432ADAC52EBC827600FF9DAF /* IdeaCapture */,
				432ADAD32EBC827700FF9DAF /* IdeaCaptureTests */,
				432ADADD2EBC827700FF9DAF /* IdeaCaptureUITests */,
				432ADAC42EBC827600FF9DAF /* Products */,
			);
			sourceTree = "<group>";
		};
		432ADAC42EBC827600FF9DAF /* Products */ = {
			isa = PBXGroup;
			children = (
				432ADAC32EBC827600FF9DAF /* IdeaCapture.app */,
				432ADAD02EBC827700FF9DAF /* IdeaCaptureTests.xctest */,
				432ADADA2EBC827700FF9DAF /* IdeaCaptureUITests.xctest */,
			);
			name = Products;
			sourceTree = "<group>";
		};
/* End PBXGroup section */

/* Begin PBXNativeTarget section */
		432ADAC22EBC827600FF9DAF /* IdeaCapture */ = {
			isa = PBXNativeTarget;
			buildConfigurationList = 432ADAE42EBC827700FF9DAF /* Build configuration list for PBXNativeTarget "IdeaCapture" */;
			buildPhases = (
				432ADABF2EBC827600FF9DAF /* Sources */,
				432ADAC02EBC827600FF9DAF /* Frameworks */,
				432ADAC12EBC827600FF9DAF /* Resources */,
			);
			buildRules = (
			);
			dependencies = (
			);
			fileSystemSynchronizedGroups = (
				432ADAC52EBC827600FF9DAF /* IdeaCapture */,
			);
			name = IdeaCapture;
			packageProductDependencies = (
			);
			productName = IdeaCapture;
			productReference = 432ADAC32EBC827600FF9DAF /* IdeaCapture.app */;
			productType = "com.apple.product-type.application";
		};
		432ADACF2EBC827700FF9DAF /* IdeaCaptureTests */ = {
			isa = PBXNativeTarget;
			buildConfigurationList = 432ADAE72EBC827700FF9DAF /* Build configuration list for PBXNativeTarget "IdeaCaptureTests" */;
			buildPhases = (
				432ADACC2EBC827700FF9DAF /* Sources */,
				432ADACD2EBC827700FF9DAF /* Frameworks */,
				432ADACE2EBC827700FF9DAF /* Resources */,
			);
			buildRules = (
			);
			dependencies = (
				432ADAD22EBC827700FF9DAF /* PBXTargetDependency */,
			);
			fileSystemSynchronizedGroups = (
				432ADAD32EBC827700FF9DAF /* IdeaCaptureTests */,
			);
			name = IdeaCaptureTests;
			packageProductDependencies = (
			);
			productName = IdeaCaptureTests;
			productReference = 432ADAD02EBC827700FF9DAF /* IdeaCaptureTests.xctest */;
			productType = "com.apple.product-type.bundle.unit-test";
		};
		432ADAD92EBC827700FF9DAF /* IdeaCaptureUITests */ = {
			isa = PBXNativeTarget;
			buildConfigurationList = 432ADAEA2EBC827700FF9DAF /* Build configuration list for PBXNativeTarget "IdeaCaptureUITests" */;
			buildPhases = (
				432ADAD62EBC827700FF9DAF /* Sources */,
				432ADAD72EBC827700FF9DAF /* Frameworks */,
				432ADAD82EBC827700FF9DAF /* Resources */,
			);
			buildRules = (
			);
			dependencies = (
				432ADADC2EBC827700FF9DAF /* PBXTargetDependency */,
			);
			fileSystemSynchronizedGroups = (
				432ADADD2EBC827700FF9DAF /* IdeaCaptureUITests */,
			);
			name = IdeaCaptureUITests;
			packageProductDependencies = (
			);
			productName = IdeaCaptureUITests;
			productReference = 432ADADA2EBC827700FF9DAF /* IdeaCaptureUITests.xctest */;
			productType = "com.apple.product-type.bundle.ui-testing";
		};
/* End PBXNativeTarget section */

/* Begin PBXProject section */
		432ADABB2EBC827600FF9DAF /* Project object */ = {
			isa = PBXProject;
			attributes = {
				BuildIndependentTargetsInParallel = 1;
				LastSwiftUpdateCheck = 1640;
				LastUpgradeCheck = 1640;
				TargetAttributes = {
					432ADAC22EBC827600FF9DAF = {
						CreatedOnToolsVersion = 16.4;
					};
					432ADACF2EBC827700FF9DAF = {
						CreatedOnToolsVersion = 16.4;
						TestTargetID = 432ADAC22EBC827600FF9DAF;
					};
					432ADAD92EBC827700FF9DAF = {
						CreatedOnToolsVersion = 16.4;
						TestTargetID = 432ADAC22EBC827600FF9DAF;
					};
				};
			};
			buildConfigurationList = 432ADABE2EBC827600FF9DAF /* Build configuration list for PBXProject "IdeaCapture" */;
			developmentRegion = en;
			hasScannedForEncodings = 0;
			knownRegions = (
				en,
				Base,
			);
			mainGroup = 432ADABA2EBC827600FF9DAF;
			minimizedProjectReferenceProxies = 1;
			preferredProjectObjectVersion = 77;
			productRefGroup = 432ADAC42EBC827600FF9DAF /* Products */;
			projectDirPath = "";
			projectRoot = "";
			targets = (
				432ADAC22EBC827600FF9DAF /* IdeaCapture */,
				432ADACF2EBC827700FF9DAF /* IdeaCaptureTests */,
				432ADAD92EBC827700FF9DAF /* IdeaCaptureUITests */,
			);
		};
/* End PBXProject section */

/* Begin PBXResourcesBuildPhase section */
		432ADAC12EBC827600FF9DAF /* Resources */ = {
			isa = PBXResourcesBuildPhase;
			buildActionMask = 2147483647;
			files = (
			);
			runOnlyForDeploymentPostprocessing = 0;
		};
		432ADACE2EBC827700FF9DAF /* Resources */ = {
			isa = PBXResourcesBuildPhase;
			buildActionMask = 2147483647;
			files = (
			);
			runOnlyForDeploymentPostprocessing = 0;
		};
		432ADAD82EBC827700FF9DAF /* Resources */ = {
			isa = PBXResourcesBuildPhase;
			buildActionMask = 2147483647;
			files = (
			);
			runOnlyForDeploymentPostprocessing = 0;
		};
/* End PBXResourcesBuildPhase section */

/* Begin PBXSourcesBuildPhase section */
		432ADABF2EBC827600FF9DAF /* Sources */ = {
			isa = PBXSourcesBuildPhase;
			buildActionMask = 2147483647;
			files = (
			);
			runOnlyForDeploymentPostprocessing = 0;
		};
		432ADACC2EBC827700FF9DAF /* Sources */ = {
			isa = PBXSourcesBuildPhase;
			buildActionMask = 2147483647;
			files = (
			);
			runOnlyForDeploymentPostprocessing = 0;
		};
		432ADAD62EBC827700FF9DAF /* Sources */ = {
			isa = PBXSourcesBuildPhase;
			buildActionMask = 2147483647;
			files = (
			);
			runOnlyForDeploymentPostprocessing = 0;
		};
/* End PBXSourcesBuildPhase section */

/* Begin PBXTargetDependency section */
		432ADAD22EBC827700FF9DAF /* PBXTargetDependency */ = {
			isa = PBXTargetDependency;
			target = 432ADAC22EBC827600FF9DAF /* IdeaCapture */;
			targetProxy = 432ADAD12EBC827700FF9DAF /* PBXContainerItemProxy */;
		};
		432ADADC2EBC827700FF9DAF /* PBXTargetDependency */ = {
			isa = PBXTargetDependency;
			target = 432ADAC22EBC827600FF9DAF /* IdeaCapture */;
			targetProxy = 432ADADB2EBC827700FF9DAF /* PBXContainerItemProxy */;
		};
/* End PBXTargetDependency section */

/* Begin XCBuildConfiguration section */
		432ADAE22EBC827700FF9DAF /* Debug */ = {
			isa = XCBuildConfiguration;
			buildSettings = {
				ALWAYS_SEARCH_USER_PATHS = NO;
				ASSETCATALOG_COMPILER_GENERATE_SWIFT_ASSET_SYMBOL_EXTENSIONS = YES;
				CLANG_ANALYZER_NONNULL = YES;
				CLANG_ANALYZER_NUMBER_OBJECT_CONVERSION = YES_AGGRESSIVE;
				CLANG_CXX_LANGUAGE_STANDARD = "gnu++20";
				CLANG_ENABLE_MODULES = YES;
				CLANG_ENABLE_OBJC_ARC = YES;
				CLANG_ENABLE_OBJC_WEAK = YES;
				CLANG_WARN_BLOCK_CAPTURE_AUTORELEASING = YES;
				CLANG_WARN_BOOL_CONVERSION = YES;
				CLANG_WARN_COMMA = YES;
				CLANG_WARN_CONSTANT_CONVERSION = YES;
				CLANG_WARN_DEPRECATED_OBJC_IMPLEMENTATIONS = YES;
				CLANG_WARN_DIRECT_OBJC_ISA_USAGE = YES_ERROR;
				CLANG_WARN_DOCUMENTATION_COMMENTS = YES;
				CLANG_WARN_EMPTY_BODY = YES;
				CLANG_WARN_ENUM_CONVERSION = YES;
				CLANG_WARN_INFINITE_RECURSION = YES;
				CLANG_WARN_INT_CONVERSION = YES;
				CLANG_WARN_NON_LITERAL_NULL_CONVERSION = YES;
				CLANG_WARN_OBJC_IMPLICIT_RETAIN_SELF = YES;
				CLANG_WARN_OBJC_LITERAL_CONVERSION = YES;
				CLANG_WARN_OBJC_ROOT_CLASS = YES_ERROR;
				CLANG_WARN_QUOTED_INCLUDE_IN_FRAMEWORK_HEADER = YES;
				CLANG_WARN_RANGE_LOOP_ANALYSIS = YES;
				CLANG_WARN_STRICT_PROTOTYPES = YES;
				CLANG_WARN_SUSPICIOUS_MOVE = YES;
				CLANG_WARN_UNGUARDED_AVAILABILITY = YES_AGGRESSIVE;
				CLANG_WARN_UNREACHABLE_CODE = YES;
				CLANG_WARN__DUPLICATE_METHOD_MATCH = YES;
				COPY_PHASE_STRIP = NO;
				DEBUG_INFORMATION_FORMAT = dwarf;
				DEVELOPMENT_TEAM = AKXK32DN2N;
				ENABLE_STRICT_OBJC_MSGSEND = YES;
				ENABLE_TESTABILITY = YES;
				ENABLE_USER_SCRIPT_SANDBOXING = YES;
				GCC_C_LANGUAGE_STANDARD = gnu17;
				GCC_DYNAMIC_NO_PIC = NO;
				GCC_NO_COMMON_BLOCKS = YES;
				GCC_OPTIMIZATION_LEVEL = 0;
				GCC_PREPROCESSOR_DEFINITIONS = (
					"DEBUG=1",
					"$(inherited)",
				);
				GCC_WARN_64_TO_32_BIT_CONVERSION = YES;
				GCC_WARN_ABOUT_RETURN_TYPE = YES_ERROR;
				GCC_WARN_UNDECLARED_SELECTOR = YES;
				GCC_WARN_UNINITIALIZED_AUTOS = YES_AGGRESSIVE;
				GCC_WARN_UNUSED_FUNCTION = YES;
				GCC_WARN_UNUSED_VARIABLE = YES;
				IPHONEOS_DEPLOYMENT_TARGET = 18.5;
				LOCALIZATION_PREFERS_STRING_CATALOGS = YES;
				MTL_ENABLE_DEBUG_INFO = INCLUDE_SOURCE;
				MTL_FAST_MATH = YES;
				ONLY_ACTIVE_ARCH = YES;
				SDKROOT = iphoneos;
				SWIFT_ACTIVE_COMPILATION_CONDITIONS = "DEBUG $(inherited)";
				SWIFT_OPTIMIZATION_LEVEL = "-Onone";
			};
			name = Debug;
		};
		432ADAE32EBC827700FF9DAF /* Release */ = {
			isa = XCBuildConfiguration;
			buildSettings = {
				ALWAYS_SEARCH_USER_PATHS = NO;
				ASSETCATALOG_COMPILER_GENERATE_SWIFT_ASSET_SYMBOL_EXTENSIONS = YES;
				CLANG_ANALYZER_NONNULL = YES;
				CLANG_ANALYZER_NUMBER_OBJECT_CONVERSION = YES_AGGRESSIVE;
				CLANG_CXX_LANGUAGE_STANDARD = "gnu++20";
				CLANG_ENABLE_MODULES = YES;
				CLANG_ENABLE_OBJC_ARC = YES;
				CLANG_ENABLE_OBJC_WEAK = YES;
				CLANG_WARN_BLOCK_CAPTURE_AUTORELEASING = YES;
				CLANG_WARN_BOOL_CONVERSION = YES;
				CLANG_WARN_COMMA = YES;
				CLANG_WARN_CONSTANT_CONVERSION = YES;
				CLANG_WARN_DEPRECATED_OBJC_IMPLEMENTATIONS = YES;
				CLANG_WARN_DIRECT_OBJC_ISA_USAGE = YES_ERROR;
				CLANG_WARN_DOCUMENTATION_COMMENTS = YES;
				CLANG_WARN_EMPTY_BODY = YES;
				CLANG_WARN_ENUM_CONVERSION = YES;
				CLANG_WARN_INFINITE_RECURSION = YES;
				CLANG_WARN_INT_CONVERSION = YES;
				CLANG_WARN_NON_LITERAL_NULL_CONVERSION = YES;
				CLANG_WARN_OBJC_IMPLICIT_RETAIN_SELF = YES;
				CLANG_WARN_OBJC_LITERAL_CONVERSION = YES;
				CLANG_WARN_OBJC_ROOT_CLASS = YES_ERROR;
				CLANG_WARN_QUOTED_INCLUDE_IN_FRAMEWORK_HEADER = YES;
				CLANG_WARN_RANGE_LOOP_ANALYSIS = YES;
				CLANG_WARN_STRICT_PROTOTYPES = YES;
				CLANG_WARN_SUSPICIOUS_MOVE = YES;
				CLANG_WARN_UNGUARDED_AVAILABILITY = YES_AGGRESSIVE;
				CLANG_WARN_UNREACHABLE_CODE = YES;
				CLANG_WARN__DUPLICATE_METHOD_MATCH = YES;
				COPY_PHASE_STRIP = NO;
				DEBUG_INFORMATION_FORMAT = "dwarf-with-dsym";
				DEVELOPMENT_TEAM = AKXK32DN2N;
				ENABLE_NS_ASSERTIONS = NO;
				ENABLE_STRICT_OBJC_MSGSEND = YES;
				ENABLE_USER_SCRIPT_SANDBOXING = YES;
				GCC_C_LANGUAGE_STANDARD = gnu17;
				GCC_NO_COMMON_BLOCKS = YES;
				GCC_WARN_64_TO_32_BIT_CONVERSION = YES;
				GCC_WARN_ABOUT_RETURN_TYPE = YES_ERROR;
				GCC_WARN_UNDECLARED_SELECTOR = YES;
				GCC_WARN_UNINITIALIZED_AUTOS = YES_AGGRESSIVE;
				GCC_WARN_UNUSED_FUNCTION = YES;
				GCC_WARN_UNUSED_VARIABLE = YES;
				IPHONEOS_DEPLOYMENT_TARGET = 18.5;
				LOCALIZATION_PREFERS_STRING_CATALOGS = YES;
				MTL_ENABLE_DEBUG_INFO = NO;
				MTL_FAST_MATH = YES;
				SDKROOT = iphoneos;
				SWIFT_COMPILATION_MODE = wholemodule;
				VALIDATE_PRODUCT = YES;
			};
			name = Release;
		};
		432ADAE52EBC827700FF9DAF /* Debug */ = {
			isa = XCBuildConfiguration;
			buildSettings = {
				ASSETCATALOG_COMPILER_APPICON_NAME = AppIcon;
				ASSETCATALOG_COMPILER_GLOBAL_ACCENT_COLOR_NAME = AccentColor;
				CODE_SIGN_ENTITLEMENTS = IdeaCapture/IdeaCapture.entitlements;
				CODE_SIGN_STYLE = Automatic;
				CURRENT_PROJECT_VERSION = 1;
				DEVELOPMENT_TEAM = AKXK32DN2N;
				ENABLE_PREVIEWS = YES;
				GENERATE_INFOPLIST_FILE = NO;
				INFOPLIST_FILE = Config/IdeaCapture-Info.plist;
				LD_RUNPATH_SEARCH_PATHS = (
					"$(inherited)",
					"@executable_path/Frameworks",
				);
				MARKETING_VERSION = 1.0;
				PRODUCT_BUNDLE_IDENTIFIER = om.yourname.ideacapture.IdeaCapture;
				PRODUCT_NAME = "$(TARGET_NAME)";
				SWIFT_EMIT_LOC_STRINGS = YES;
				SWIFT_VERSION = 5.0;
				TARGETED_DEVICE_FAMILY = "1,2";
			};
			name = Debug;
		};
		432ADAE62EBC827700FF9DAF /* Release */ = {
			isa = XCBuildConfiguration;
			buildSettings = {
				ASSETCATALOG_COMPILER_APPICON_NAME = AppIcon;
				ASSETCATALOG_COMPILER_GLOBAL_ACCENT_COLOR_NAME = AccentColor;
				CODE_SIGN_ENTITLEMENTS = IdeaCapture/IdeaCapture.entitlements;
				CODE_SIGN_STYLE = Automatic;
				CURRENT_PROJECT_VERSION = 1;
				DEVELOPMENT_TEAM = AKXK32DN2N;
				ENABLE_PREVIEWS = YES;
				GENERATE_INFOPLIST_FILE = NO;
				INFOPLIST_FILE = Config/IdeaCapture-Info.plist;
				LD_RUNPATH_SEARCH_PATHS = (
					"$(inherited)",
					"@executable_path/Frameworks",
				);
				MARKETING_VERSION = 1.0;
				PRODUCT_BUNDLE_IDENTIFIER = om.yourname.ideacapture.IdeaCapture;
				PRODUCT_NAME = "$(TARGET_NAME)";
				SWIFT_EMIT_LOC_STRINGS = YES;
				SWIFT_VERSION = 5.0;
				TARGETED_DEVICE_FAMILY = "1,2";
			};
			name = Release;
		};
		432ADAE82EBC827700FF9DAF /* Debug */ = {
			isa = XCBuildConfiguration;
			buildSettings = {
				BUNDLE_LOADER = "$(TEST_HOST)";
				CODE_SIGN_STYLE = Automatic;
				CURRENT_PROJECT_VERSION = 1;
				DEVELOPMENT_TEAM = AKXK32DN2N;
				GENERATE_INFOPLIST_FILE = YES;
				IPHONEOS_DEPLOYMENT_TARGET = 18.5;
				MARKETING_VERSION = 1.0;
				PRODUCT_BUNDLE_IDENTIFIER = om.yourname.ideacapture.IdeaCaptureTests;
				PRODUCT_NAME = "$(TARGET_NAME)";
				SWIFT_EMIT_LOC_STRINGS = NO;
				SWIFT_VERSION = 5.0;
				TARGETED_DEVICE_FAMILY = "1,2";
				TEST_HOST = "$(BUILT_PRODUCTS_DIR)/IdeaCapture.app/$(BUNDLE_EXECUTABLE_FOLDER_PATH)/IdeaCapture";
			};
			name = Debug;
		};
		432ADAE92EBC827700FF9DAF /* Release */ = {
			isa = XCBuildConfiguration;
			buildSettings = {
				BUNDLE_LOADER = "$(TEST_HOST)";
				CODE_SIGN_STYLE = Automatic;
				CURRENT_PROJECT_VERSION = 1;
				DEVELOPMENT_TEAM = AKXK32DN2N;
				GENERATE_INFOPLIST_FILE = YES;
				IPHONEOS_DEPLOYMENT_TARGET = 18.5;
				MARKETING_VERSION = 1.0;
				PRODUCT_BUNDLE_IDENTIFIER = om.yourname.ideacapture.IdeaCaptureTests;
				PRODUCT_NAME = "$(TARGET_NAME)";
				SWIFT_EMIT_LOC_STRINGS = NO;
				SWIFT_VERSION = 5.0;
				TARGETED_DEVICE_FAMILY = "1,2";
				TEST_HOST = "$(BUILT_PRODUCTS_DIR)/IdeaCapture.app/$(BUNDLE_EXECUTABLE_FOLDER_PATH)/IdeaCapture";
			};
			name = Release;
		};
		432ADAEB2EBC827700FF9DAF /* Debug */ = {
			isa = XCBuildConfiguration;
			buildSettings = {
				CODE_SIGN_STYLE = Automatic;
				CURRENT_PROJECT_VERSION = 1;
				DEVELOPMENT_TEAM = AKXK32DN2N;
				GENERATE_INFOPLIST_FILE = YES;
				MARKETING_VERSION = 1.0;
				PRODUCT_BUNDLE_IDENTIFIER = om.yourname.ideacapture.IdeaCaptureUITests;
				PRODUCT_NAME = "$(TARGET_NAME)";
				SWIFT_EMIT_LOC_STRINGS = NO;
				SWIFT_VERSION = 5.0;
				TARGETED_DEVICE_FAMILY = "1,2";
				TEST_TARGET_NAME = IdeaCapture;
			};
			name = Debug;
		};
		432ADAEC2EBC827700FF9DAF /* Release */ = {
			isa = XCBuildConfiguration;
			buildSettings = {
				CODE_SIGN_STYLE = Automatic;
				CURRENT_PROJECT_VERSION = 1;
				DEVELOPMENT_TEAM = AKXK32DN2N;
				GENERATE_INFOPLIST_FILE = YES;
				MARKETING_VERSION = 1.0;
				PRODUCT_BUNDLE_IDENTIFIER = om.yourname.ideacapture.IdeaCaptureUITests;
				PRODUCT_NAME = "$(TARGET_NAME)";
				SWIFT_EMIT_LOC_STRINGS = NO;
				SWIFT_VERSION = 5.0;
				TARGETED_DEVICE_FAMILY = "1,2";
				TEST_TARGET_NAME = IdeaCapture;
			};
			name = Release;
		};
/* End XCBuildConfiguration section */

/* Begin XCConfigurationList section */
		432ADABE2EBC827600FF9DAF /* Build configuration list for PBXProject "IdeaCapture" */ = {
			isa = XCConfigurationList;
			buildConfigurations = (
				432ADAE22EBC827700FF9DAF /* Debug */,
				432ADAE32EBC827700FF9DAF /* Release */,
			);
			defaultConfigurationIsVisible = 0;
			defaultConfigurationName = Release;
		};
		432ADAE42EBC827700FF9DAF /* Build configuration list for PBXNativeTarget "IdeaCapture" */ = {
			isa = XCConfigurationList;
			buildConfigurations = (
				432ADAE52EBC827700FF9DAF /* Debug */,
				432ADAE62EBC827700FF9DAF /* Release */,
			);
			defaultConfigurationIsVisible = 0;
			defaultConfigurationName = Release;
		};
		432ADAE72EBC827700FF9DAF /* Build configuration list for PBXNativeTarget "IdeaCaptureTests" */ = {
			isa = XCConfigurationList;
			buildConfigurations = (
				432ADAE82EBC827700FF9DAF /* Debug */,
				432ADAE92EBC827700FF9DAF /* Release */,
			);
			defaultConfigurationIsVisible = 0;
			defaultConfigurationName = Release;
		};
		432ADAEA2EBC827700FF9DAF /* Build configuration list for PBXNativeTarget "IdeaCaptureUITests" */ = {
			isa = XCConfigurationList;
			buildConfigurations = (
				432ADAEB2EBC827700FF9DAF /* Debug */,
				432ADAEC2EBC827700FF9DAF /* Release */,
			);
			defaultConfigurationIsVisible = 0;
			defaultConfigurationName = Release;
		};
/* End XCConfigurationList section */
	};
	rootObject = 432ADABB2EBC827600FF9DAF /* Project object */;
}
